
Microsoft Visual Studio Solution File, Format Version 12.00
# Visual Studio Version 17
VisualStudioVersion = 17.2.32516.85
MinimumVisualStudioVersion = 10.0.40219.1
Project("{FAE04EC0-301F-11D3-BF4B-00C04F79EFBC}") = "QRSCS_MS", "QRSCS_MS.csproj", "{360C7C41-4444-4121-A686-A176DF6E2C3B}"
EndProject
Global
	GlobalSection(SolutionConfigurationPlatforms) = preSolution
		Debug|Any CPU = Debug|Any CPU
		Release|Any CPU = Release|Any CPU
	EndGlobalSection
	GlobalSection(ProjectConfigurationPlatforms) = postSolution
		{360C7C41-4444-4121-A686-A176DF6E2C3B}.Debug|Any CPU.ActiveCfg = Debug|Any CPU
		{360C7C41-4444-4121-A686-A176DF6E2C3B}.Debug|Any CPU.Build.0 = Debug|Any CPU
		{360C7C41-4444-4121-A686-A176DF6E2C3B}.Release|Any CPU.ActiveCfg = Release|Any CPU
		{360C7C41-4444-4121-A686-A176DF6E2C3B}.Release|Any CPU.Build.0 = Release|Any CPU
	EndGlobalSection
	GlobalSection(SolutionProperties) = preSolution
		HideSolutionNode = FALSE
	EndGlobalSection
	GlobalSection(ExtensibilityGlobals) = postSolution
		SolutionGuid = {64A079A7-16B3-45A2-95B5-E114F6C9D63C}
	EndGlobalSection
EndGlobal
